// !$*UTF8*$!
{
	archiveVersion = 1;
	classes = {
	};
	objectVersion = 55;
	objects = {

/* Begin PBXBuildFile section */
		B800294B271569B800EE599B /* AudioPlayer.swift in Sources */ = {isa = PBXBuildFile; fileRef = B800294A271569B800EE599B /* AudioPlayer.swift */; };
		B800294D27156A6300EE599B /* AudioModel.swift in Sources */ = {isa = PBXBuildFile; fileRef = B800294C27156A6300EE599B /* AudioModel.swift */; };
		B8007BAB2717D1F8003AA345 /* Tab2View.swift in Sources */ = {isa = PBXBuildFile; fileRef = B8007BAA2717D1F8003AA345 /* Tab2View.swift */; };
		B8007BAD2717D3CF003AA345 /* Tab2Router.swift in Sources */ = {isa = PBXBuildFile; fileRef = B8007BAC2717D3CF003AA345 /* Tab2Router.swift */; };
		B8007BAF2717D3E6003AA345 /* Tab2Presenter.swift in Sources */ = {isa = PBXBuildFile; fileRef = B8007BAE2717D3E6003AA345 /* Tab2Presenter.swift */; };
		B8007BB12717D444003AA345 /* Tab2Interacor.swift in Sources */ = {isa = PBXBuildFile; fileRef = B8007BB02717D444003AA345 /* Tab2Interacor.swift */; };
		B803DA492712775200303ABC /* HaditsDetailView.swift in Sources */ = {isa = PBXBuildFile; fileRef = B803DA482712775200303ABC /* HaditsDetailView.swift */; };
		B803DA4B2712777800303ABC /* HaditsDetailPresenter.swift in Sources */ = {isa = PBXBuildFile; fileRef = B803DA4A2712777800303ABC /* HaditsDetailPresenter.swift */; };
		B803DA4D2712790400303ABC /* HaditsDetailInteractor.swift in Sources */ = {isa = PBXBuildFile; fileRef = B803DA4C2712790400303ABC /* HaditsDetailInteractor.swift */; };
		B803DA4F2712798700303ABC /* Tab1Router.swift in Sources */ = {isa = PBXBuildFile; fileRef = B803DA4E2712798700303ABC /* Tab1Router.swift */; };
		B81BDFE2271EB85700E3A57B /* WidgetKit.framework in Frameworks */ = {isa = PBXBuildFile; fileRef = B81BDFE1271EB85700E3A57B /* WidgetKit.framework */; };
		B81BDFE4271EB85700E3A57B /* SwiftUI.framework in Frameworks */ = {isa = PBXBuildFile; fileRef = B81BDFE3271EB85700E3A57B /* SwiftUI.framework */; };
		B81BDFE7271EB85700E3A57B /* dinWidget.swift in Sources */ = {isa = PBXBuildFile; fileRef = B81BDFE6271EB85700E3A57B /* dinWidget.swift */; };
		B81BDFEA271EB85A00E3A57B /* Assets.xcassets in Resources */ = {isa = PBXBuildFile; fileRef = B81BDFE9271EB85A00E3A57B /* Assets.xcassets */; };
		B81BDFEC271EB85A00E3A57B /* dinWidget.intentdefinition in Sources */ = {isa = PBXBuildFile; fileRef = B81BDFE8271EB85700E3A57B /* dinWidget.intentdefinition */; };
		B81BDFED271EB85A00E3A57B /* dinWidget.intentdefinition in Sources */ = {isa = PBXBuildFile; fileRef = B81BDFE8271EB85700E3A57B /* dinWidget.intentdefinition */; };
		B81BDFF0271EB85A00E3A57B /* dinWidgetExtension.appex in Embed App Extensions */ = {isa = PBXBuildFile; fileRef = B81BDFDF271EB85700E3A57B /* dinWidgetExtension.appex */; settings = {ATTRIBUTES = (RemoveHeadersOnCopy, ); }; };
		B82004F12711379600541C45 /* PrayTimeResponse.swift in Sources */ = {isa = PBXBuildFile; fileRef = B82004F02711379600541C45 /* PrayTimeResponse.swift */; };
		B82004F3271138B300541C45 /* AdzanModel.swift in Sources */ = {isa = PBXBuildFile; fileRef = B82004F2271138B300541C45 /* AdzanModel.swift */; };
		B82004F52711396300541C45 /* AdzanMapper.swift in Sources */ = {isa = PBXBuildFile; fileRef = B82004F42711396300541C45 /* AdzanMapper.swift */; };
		B8313DEF270D335800EBE94C /* HomePresenter.swift in Sources */ = {isa = PBXBuildFile; fileRef = B8313DEE270D335800EBE94C /* HomePresenter.swift */; };
		B832811D270ED0BA00E18875 /* HomeHaditsListView.swift in Sources */ = {isa = PBXBuildFile; fileRef = B832811C270ED0BA00E18875 /* HomeHaditsListView.swift */; };
		B832811F270ED0F800E18875 /* HaditsModel.swift in Sources */ = {isa = PBXBuildFile; fileRef = B832811E270ED0F800E18875 /* HaditsModel.swift */; };
		B8328121270ED5DE00E18875 /* QuranResponse.swift in Sources */ = {isa = PBXBuildFile; fileRef = B8328120270ED5DE00E18875 /* QuranResponse.swift */; };
		B8328123270ED6BC00E18875 /* Api.swift in Sources */ = {isa = PBXBuildFile; fileRef = B8328122270ED6BC00E18875 /* Api.swift */; };
		B8328126270ED88500E18875 /* SurahModel.swift in Sources */ = {isa = PBXBuildFile; fileRef = B8328125270ED88500E18875 /* SurahModel.swift */; };
		B8328129270ED91100E18875 /* SurahMapper.swift in Sources */ = {isa = PBXBuildFile; fileRef = B8328128270ED91100E18875 /* SurahMapper.swift */; };
		B835C16C270F2E98009CD9B6 /* Tab1View.swift in Sources */ = {isa = PBXBuildFile; fileRef = B835C16B270F2E98009CD9B6 /* Tab1View.swift */; };
		B835C16E270F2EA6009CD9B6 /* Tab1Presenter.swift in Sources */ = {isa = PBXBuildFile; fileRef = B835C16D270F2EA6009CD9B6 /* Tab1Presenter.swift */; };
		B835C170270F2F64009CD9B6 /* Tab1Interactor.swift in Sources */ = {isa = PBXBuildFile; fileRef = B835C16F270F2F64009CD9B6 /* Tab1Interactor.swift */; };
		B835C173270F350A009CD9B6 /* Tab1SurahListView.swift in Sources */ = {isa = PBXBuildFile; fileRef = B835C172270F350A009CD9B6 /* Tab1SurahListView.swift */; };
		B83A54F227151D0F002AA6BD /* QuranDetailView.swift in Sources */ = {isa = PBXBuildFile; fileRef = B83A54F127151D0F002AA6BD /* QuranDetailView.swift */; };
		B83A54F427151D26002AA6BD /* QuranDetailPresenter.swift in Sources */ = {isa = PBXBuildFile; fileRef = B83A54F327151D26002AA6BD /* QuranDetailPresenter.swift */; };
		B83A54F627151E28002AA6BD /* QuranDetailInteractor.swift in Sources */ = {isa = PBXBuildFile; fileRef = B83A54F527151E28002AA6BD /* QuranDetailInteractor.swift */; };
		B83A54F8271532AF002AA6BD /* Tab3Presenter.swift in Sources */ = {isa = PBXBuildFile; fileRef = B83A54F7271532AF002AA6BD /* Tab3Presenter.swift */; };
		B83A54FC27153348002AA6BD /* Tab3Interactor.swift in Sources */ = {isa = PBXBuildFile; fileRef = B83A54FB27153348002AA6BD /* Tab3Interactor.swift */; };
		B83A54FE2715338F002AA6BD /* AudioResponse.swift in Sources */ = {isa = PBXBuildFile; fileRef = B83A54FD2715338F002AA6BD /* AudioResponse.swift */; };
		B83AA9E227116465003BCFCA /* HaditsResponse.swift in Sources */ = {isa = PBXBuildFile; fileRef = B83AA9E127116465003BCFCA /* HaditsResponse.swift */; };
		B83AA9E42711654D003BCFCA /* HaditsMapper.swift in Sources */ = {isa = PBXBuildFile; fileRef = B83AA9E32711654D003BCFCA /* HaditsMapper.swift */; };
		B84B0DBE270FE86700A93698 /* IslamicNewsResponse.swift in Sources */ = {isa = PBXBuildFile; fileRef = B84B0DBD270FE86700A93698 /* IslamicNewsResponse.swift */; };
		B84B0DC0270FEF7D00A93698 /* NewsMapper.swift in Sources */ = {isa = PBXBuildFile; fileRef = B84B0DBF270FEF7D00A93698 /* NewsMapper.swift */; };
		B84B0DC2270FEFA100A93698 /* NewsModel.swift in Sources */ = {isa = PBXBuildFile; fileRef = B84B0DC1270FEFA100A93698 /* NewsModel.swift */; };
		B84B0DC4270FF34700A93698 /* Network.swift in Sources */ = {isa = PBXBuildFile; fileRef = B84B0DC3270FF34700A93698 /* Network.swift */; };
		B8552DCC270BEE4E0044D49F /* HomeView.swift in Sources */ = {isa = PBXBuildFile; fileRef = B8552DCB270BEE4E0044D49F /* HomeView.swift */; };
		B876DD55270DE12800574D81 /* SystemPreference.swift in Sources */ = {isa = PBXBuildFile; fileRef = B876DD54270DE12800574D81 /* SystemPreference.swift */; };
		B88F22C6270D84BD008ED53A /* Realm in Frameworks */ = {isa = PBXBuildFile; productRef = B88F22C5270D84BD008ED53A /* Realm */; };
		B88F22C8270D84BD008ED53A /* RealmSwift in Frameworks */ = {isa = PBXBuildFile; productRef = B88F22C7270D84BD008ED53A /* RealmSwift */; };
		B89490802710213500705139 /* HomeNewsListView.swift in Sources */ = {isa = PBXBuildFile; fileRef = B894907F2710213500705139 /* HomeNewsListView.swift */; };
		B89490832710239B00705139 /* SDWebImageSwiftUI in Frameworks */ = {isa = PBXBuildFile; productRef = B89490822710239B00705139 /* SDWebImageSwiftUI */; };
		B89A6A7F271075840008E208 /* HomeRouter.swift in Sources */ = {isa = PBXBuildFile; fileRef = B89A6A7E271075840008E208 /* HomeRouter.swift */; };
		B89A6A81271076000008E208 /* NewsDetailInteractor.swift in Sources */ = {isa = PBXBuildFile; fileRef = B89A6A80271076000008E208 /* NewsDetailInteractor.swift */; };
		B89A6A8A2710773E0008E208 /* NewsDetailView.swift in Sources */ = {isa = PBXBuildFile; fileRef = B89A6A892710773E0008E208 /* NewsDetailView.swift */; };
		B89A6A8C271077850008E208 /* NewsDetailPresenter.swift in Sources */ = {isa = PBXBuildFile; fileRef = B89A6A8B271077850008E208 /* NewsDetailPresenter.swift */; };
		B89F0722270E9BA3004B7557 /* SettingsView.swift in Sources */ = {isa = PBXBuildFile; fileRef = B89F0721270E9BA3004B7557 /* SettingsView.swift */; };
		B89F0726270EAC83004B7557 /* AdzanManager.swift in Sources */ = {isa = PBXBuildFile; fileRef = B89F0725270EAC83004B7557 /* AdzanManager.swift */; };
		B8EBFA6B270AD71E008555A7 /* dinApp.swift in Sources */ = {isa = PBXBuildFile; fileRef = B8EBFA6A270AD71E008555A7 /* dinApp.swift */; };
		B8EBFA6D270AD71E008555A7 /* ContentView.swift in Sources */ = {isa = PBXBuildFile; fileRef = B8EBFA6C270AD71E008555A7 /* ContentView.swift */; };
		B8EBFA6F270AD721008555A7 /* Assets.xcassets in Resources */ = {isa = PBXBuildFile; fileRef = B8EBFA6E270AD721008555A7 /* Assets.xcassets */; };
		B8EBFA72270AD721008555A7 /* Preview Assets.xcassets in Resources */ = {isa = PBXBuildFile; fileRef = B8EBFA71270AD721008555A7 /* Preview Assets.xcassets */; };
		B8EBFA7C270AD722008555A7 /* dinTests.swift in Sources */ = {isa = PBXBuildFile; fileRef = B8EBFA7B270AD722008555A7 /* dinTests.swift */; };
		B8EBFA86270AD722008555A7 /* dinUITests.swift in Sources */ = {isa = PBXBuildFile; fileRef = B8EBFA85270AD722008555A7 /* dinUITests.swift */; };
		B8EBFA88270AD722008555A7 /* dinUITestsLaunchTests.swift in Sources */ = {isa = PBXBuildFile; fileRef = B8EBFA87270AD722008555A7 /* dinUITestsLaunchTests.swift */; };
		B8EBFA96270AD77E008555A7 /* Alamofire in Frameworks */ = {isa = PBXBuildFile; productRef = B8EBFA95270AD77E008555A7 /* Alamofire */; };
		B8EBFAA6270ADACE008555A7 /* Repository.swift in Sources */ = {isa = PBXBuildFile; fileRef = B8EBFAA5270ADACE008555A7 /* Repository.swift */; };
		B8EBFAAA270ADAFC008555A7 /* RemoteDataSource.swift in Sources */ = {isa = PBXBuildFile; fileRef = B8EBFAA9270ADAFC008555A7 /* RemoteDataSource.swift */; };
		B8EBFAAC270ADB07008555A7 /* LocaleDataSource.swift in Sources */ = {isa = PBXBuildFile; fileRef = B8EBFAAB270ADB07008555A7 /* LocaleDataSource.swift */; };
		B8EBFAAE270ADB1E008555A7 /* Injection.swift in Sources */ = {isa = PBXBuildFile; fileRef = B8EBFAAD270ADB1E008555A7 /* Injection.swift */; };
		B8EBFAB4270ADB3E008555A7 /* GlobalHelper.swift in Sources */ = {isa = PBXBuildFile; fileRef = B8EBFAB3270ADB3E008555A7 /* GlobalHelper.swift */; };
		B8EBFABD270AE0E5008555A7 /* .swiftlint.yml in Resources */ = {isa = PBXBuildFile; fileRef = B8EBFABC270AE0E5008555A7 /* .swiftlint.yml */; };
		B8EBFABF270AE265008555A7 /* Launch Screen.storyboard in Resources */ = {isa = PBXBuildFile; fileRef = B8EBFABE270AE265008555A7 /* Launch Screen.storyboard */; };
		B8EBFAC2270AE453008555A7 /* OnBoardingView.swift in Sources */ = {isa = PBXBuildFile; fileRef = B8EBFAC1270AE453008555A7 /* OnBoardingView.swift */; };
		B8EBFAC4270AE7BF008555A7 /* HomeInteractor.swift in Sources */ = {isa = PBXBuildFile; fileRef = B8EBFAC3270AE7BF008555A7 /* HomeInteractor.swift */; };
		B8F89F3A2712C44D00972F05 /* Tab3View.swift in Sources */ = {isa = PBXBuildFile; fileRef = B8F89F392712C44D00972F05 /* Tab3View.swift */; };
/* End PBXBuildFile section */

/* Begin PBXContainerItemProxy section */
		B81BDFEE271EB85A00E3A57B /* PBXContainerItemProxy */ = {
			isa = PBXContainerItemProxy;
			containerPortal = B8EBFA5F270AD71E008555A7 /* Project object */;
			proxyType = 1;
			remoteGlobalIDString = B81BDFDE271EB85700E3A57B;
			remoteInfo = dinWidgetExtension;
		};
		B8EBFA78270AD722008555A7 /* PBXContainerItemProxy */ = {
			isa = PBXContainerItemProxy;
			containerPortal = B8EBFA5F270AD71E008555A7 /* Project object */;
			proxyType = 1;
			remoteGlobalIDString = B8EBFA66270AD71E008555A7;
			remoteInfo = din;
		};
		B8EBFA82270AD722008555A7 /* PBXContainerItemProxy */ = {
			isa = PBXContainerItemProxy;
			containerPortal = B8EBFA5F270AD71E008555A7 /* Project object */;
			proxyType = 1;
			remoteGlobalIDString = B8EBFA66270AD71E008555A7;
			remoteInfo = din;
		};
/* End PBXContainerItemProxy section */

/* Begin PBXCopyFilesBuildPhase section */
		B81BDFF1271EB85A00E3A57B /* Embed App Extensions */ = {
			isa = PBXCopyFilesBuildPhase;
			buildActionMask = 2147483647;
			dstPath = "";
			dstSubfolderSpec = 13;
			files = (
				B81BDFF0271EB85A00E3A57B /* dinWidgetExtension.appex in Embed App Extensions */,
			);
			name = "Embed App Extensions";
			runOnlyForDeploymentPostprocessing = 0;
		};
/* End PBXCopyFilesBuildPhase section */

/* Begin PBXFileReference section */
		B800294A271569B800EE599B /* AudioPlayer.swift */ = {isa = PBXFileReference; lastKnownFileType = sourcecode.swift; path = AudioPlayer.swift; sourceTree = "<group>"; };
		B800294C27156A6300EE599B /* AudioModel.swift */ = {isa = PBXFileReference; lastKnownFileType = sourcecode.swift; path = AudioModel.swift; sourceTree = "<group>"; };
		B8007BAA2717D1F8003AA345 /* Tab2View.swift */ = {isa = PBXFileReference; lastKnownFileType = sourcecode.swift; path = Tab2View.swift; sourceTree = "<group>"; };
		B8007BAC2717D3CF003AA345 /* Tab2Router.swift */ = {isa = PBXFileReference; lastKnownFileType = sourcecode.swift; path = Tab2Router.swift; sourceTree = "<group>"; };
		B8007BAE2717D3E6003AA345 /* Tab2Presenter.swift */ = {isa = PBXFileReference; lastKnownFileType = sourcecode.swift; path = Tab2Presenter.swift; sourceTree = "<group>"; };
		B8007BB02717D444003AA345 /* Tab2Interacor.swift */ = {isa = PBXFileReference; lastKnownFileType = sourcecode.swift; path = Tab2Interacor.swift; sourceTree = "<group>"; };
		B803DA482712775200303ABC /* HaditsDetailView.swift */ = {isa = PBXFileReference; lastKnownFileType = sourcecode.swift; path = HaditsDetailView.swift; sourceTree = "<group>"; };
		B803DA4A2712777800303ABC /* HaditsDetailPresenter.swift */ = {isa = PBXFileReference; lastKnownFileType = sourcecode.swift; name = HaditsDetailPresenter.swift; path = din/Module/Main/Detail/Hadits/View/HaditsDetailPresenter.swift; sourceTree = SOURCE_ROOT; };
		B803DA4C2712790400303ABC /* HaditsDetailInteractor.swift */ = {isa = PBXFileReference; lastKnownFileType = sourcecode.swift; path = HaditsDetailInteractor.swift; sourceTree = "<group>"; };
		B803DA4E2712798700303ABC /* Tab1Router.swift */ = {isa = PBXFileReference; lastKnownFileType = sourcecode.swift; path = Tab1Router.swift; sourceTree = "<group>"; };
		B81BDFDF271EB85700E3A57B /* dinWidgetExtension.appex */ = {isa = PBXFileReference; explicitFileType = "wrapper.app-extension"; includeInIndex = 0; path = dinWidgetExtension.appex; sourceTree = BUILT_PRODUCTS_DIR; };
		B81BDFE1271EB85700E3A57B /* WidgetKit.framework */ = {isa = PBXFileReference; lastKnownFileType = wrapper.framework; name = WidgetKit.framework; path = System/Library/Frameworks/WidgetKit.framework; sourceTree = SDKROOT; };
		B81BDFE3271EB85700E3A57B /* SwiftUI.framework */ = {isa = PBXFileReference; lastKnownFileType = wrapper.framework; name = SwiftUI.framework; path = System/Library/Frameworks/SwiftUI.framework; sourceTree = SDKROOT; };
		B81BDFE6271EB85700E3A57B /* dinWidget.swift */ = {isa = PBXFileReference; lastKnownFileType = sourcecode.swift; path = dinWidget.swift; sourceTree = "<group>"; };
		B81BDFE8271EB85700E3A57B /* dinWidget.intentdefinition */ = {isa = PBXFileReference; lastKnownFileType = file.intentdefinition; path = dinWidget.intentdefinition; sourceTree = "<group>"; };
		B81BDFE9271EB85A00E3A57B /* Assets.xcassets */ = {isa = PBXFileReference; lastKnownFileType = folder.assetcatalog; path = Assets.xcassets; sourceTree = "<group>"; };
		B81BDFEB271EB85A00E3A57B /* Info.plist */ = {isa = PBXFileReference; lastKnownFileType = text.plist.xml; path = Info.plist; sourceTree = "<group>"; };
		B81BDFF5271EB86A00E3A57B /* din.entitlements */ = {isa = PBXFileReference; lastKnownFileType = text.plist.entitlements; path = din.entitlements; sourceTree = "<group>"; };
		B81BDFF6271EB87300E3A57B /* dinWidgetExtension.entitlements */ = {isa = PBXFileReference; lastKnownFileType = text.plist.entitlements; path = dinWidgetExtension.entitlements; sourceTree = "<group>"; };
		B82004F02711379600541C45 /* PrayTimeResponse.swift */ = {isa = PBXFileReference; lastKnownFileType = sourcecode.swift; path = PrayTimeResponse.swift; sourceTree = "<group>"; };
		B82004F2271138B300541C45 /* AdzanModel.swift */ = {isa = PBXFileReference; lastKnownFileType = sourcecode.swift; path = AdzanModel.swift; sourceTree = "<group>"; };
		B82004F42711396300541C45 /* AdzanMapper.swift */ = {isa = PBXFileReference; lastKnownFileType = sourcecode.swift; path = AdzanMapper.swift; sourceTree = "<group>"; };
		B82004F627113DE000541C45 /* Info.plist */ = {isa = PBXFileReference; lastKnownFileType = text.plist; path = Info.plist; sourceTree = "<group>"; };
		B8313DEE270D335800EBE94C /* HomePresenter.swift */ = {isa = PBXFileReference; lastKnownFileType = sourcecode.swift; path = HomePresenter.swift; sourceTree = "<group>"; };
		B832811C270ED0BA00E18875 /* HomeHaditsListView.swift */ = {isa = PBXFileReference; lastKnownFileType = sourcecode.swift; path = HomeHaditsListView.swift; sourceTree = "<group>"; };
		B832811E270ED0F800E18875 /* HaditsModel.swift */ = {isa = PBXFileReference; lastKnownFileType = sourcecode.swift; path = HaditsModel.swift; sourceTree = "<group>"; };
		B8328120270ED5DE00E18875 /* QuranResponse.swift */ = {isa = PBXFileReference; lastKnownFileType = sourcecode.swift; path = QuranResponse.swift; sourceTree = "<group>"; };
		B8328122270ED6BC00E18875 /* Api.swift */ = {isa = PBXFileReference; lastKnownFileType = sourcecode.swift; path = Api.swift; sourceTree = "<group>"; };
		B8328125270ED88500E18875 /* SurahModel.swift */ = {isa = PBXFileReference; lastKnownFileType = sourcecode.swift; path = SurahModel.swift; sourceTree = "<group>"; };
		B8328128270ED91100E18875 /* SurahMapper.swift */ = {isa = PBXFileReference; lastKnownFileType = sourcecode.swift; path = SurahMapper.swift; sourceTree = "<group>"; };
		B835C16B270F2E98009CD9B6 /* Tab1View.swift */ = {isa = PBXFileReference; lastKnownFileType = sourcecode.swift; path = Tab1View.swift; sourceTree = "<group>"; };
		B835C16D270F2EA6009CD9B6 /* Tab1Presenter.swift */ = {isa = PBXFileReference; lastKnownFileType = sourcecode.swift; path = Tab1Presenter.swift; sourceTree = "<group>"; };
		B835C16F270F2F64009CD9B6 /* Tab1Interactor.swift */ = {isa = PBXFileReference; lastKnownFileType = sourcecode.swift; path = Tab1Interactor.swift; sourceTree = "<group>"; };
		B835C172270F350A009CD9B6 /* Tab1SurahListView.swift */ = {isa = PBXFileReference; lastKnownFileType = sourcecode.swift; path = Tab1SurahListView.swift; sourceTree = "<group>"; };
		B83A54F127151D0F002AA6BD /* QuranDetailView.swift */ = {isa = PBXFileReference; lastKnownFileType = sourcecode.swift; path = QuranDetailView.swift; sourceTree = "<group>"; };
		B83A54F327151D26002AA6BD /* QuranDetailPresenter.swift */ = {isa = PBXFileReference; lastKnownFileType = sourcecode.swift; path = QuranDetailPresenter.swift; sourceTree = "<group>"; };
		B83A54F527151E28002AA6BD /* QuranDetailInteractor.swift */ = {isa = PBXFileReference; lastKnownFileType = sourcecode.swift; path = QuranDetailInteractor.swift; sourceTree = "<group>"; };
		B83A54F7271532AF002AA6BD /* Tab3Presenter.swift */ = {isa = PBXFileReference; lastKnownFileType = sourcecode.swift; path = Tab3Presenter.swift; sourceTree = "<group>"; };
		B83A54FB27153348002AA6BD /* Tab3Interactor.swift */ = {isa = PBXFileReference; lastKnownFileType = sourcecode.swift; path = Tab3Interactor.swift; sourceTree = "<group>"; };
		B83A54FD2715338F002AA6BD /* AudioResponse.swift */ = {isa = PBXFileReference; lastKnownFileType = sourcecode.swift; path = AudioResponse.swift; sourceTree = "<group>"; };
		B83AA9E127116465003BCFCA /* HaditsResponse.swift */ = {isa = PBXFileReference; lastKnownFileType = sourcecode.swift; path = HaditsResponse.swift; sourceTree = "<group>"; };
		B83AA9E32711654D003BCFCA /* HaditsMapper.swift */ = {isa = PBXFileReference; lastKnownFileType = sourcecode.swift; path = HaditsMapper.swift; sourceTree = "<group>"; };
		B84B0DBD270FE86700A93698 /* IslamicNewsResponse.swift */ = {isa = PBXFileReference; lastKnownFileType = sourcecode.swift; path = IslamicNewsResponse.swift; sourceTree = "<group>"; };
		B84B0DBF270FEF7D00A93698 /* NewsMapper.swift */ = {isa = PBXFileReference; lastKnownFileType = sourcecode.swift; path = NewsMapper.swift; sourceTree = "<group>"; };
		B84B0DC1270FEFA100A93698 /* NewsModel.swift */ = {isa = PBXFileReference; lastKnownFileType = sourcecode.swift; path = NewsModel.swift; sourceTree = "<group>"; };
		B84B0DC3270FF34700A93698 /* Network.swift */ = {isa = PBXFileReference; lastKnownFileType = sourcecode.swift; path = Network.swift; sourceTree = "<group>"; };
		B8552DCB270BEE4E0044D49F /* HomeView.swift */ = {isa = PBXFileReference; lastKnownFileType = sourcecode.swift; path = HomeView.swift; sourceTree = "<group>"; };
		B876DD54270DE12800574D81 /* SystemPreference.swift */ = {isa = PBXFileReference; lastKnownFileType = sourcecode.swift; path = SystemPreference.swift; sourceTree = "<group>"; };
		B894907F2710213500705139 /* HomeNewsListView.swift */ = {isa = PBXFileReference; lastKnownFileType = sourcecode.swift; path = HomeNewsListView.swift; sourceTree = "<group>"; };
		B89A6A7E271075840008E208 /* HomeRouter.swift */ = {isa = PBXFileReference; lastKnownFileType = sourcecode.swift; path = HomeRouter.swift; sourceTree = "<group>"; };
		B89A6A80271076000008E208 /* NewsDetailInteractor.swift */ = {isa = PBXFileReference; lastKnownFileType = sourcecode.swift; path = NewsDetailInteractor.swift; sourceTree = "<group>"; };
		B89A6A892710773E0008E208 /* NewsDetailView.swift */ = {isa = PBXFileReference; lastKnownFileType = sourcecode.swift; path = NewsDetailView.swift; sourceTree = "<group>"; };
		B89A6A8B271077850008E208 /* NewsDetailPresenter.swift */ = {isa = PBXFileReference; lastKnownFileType = sourcecode.swift; path = NewsDetailPresenter.swift; sourceTree = "<group>"; };
		B89F0721270E9BA3004B7557 /* SettingsView.swift */ = {isa = PBXFileReference; lastKnownFileType = sourcecode.swift; path = SettingsView.swift; sourceTree = "<group>"; };
		B89F0725270EAC83004B7557 /* AdzanManager.swift */ = {isa = PBXFileReference; lastKnownFileType = sourcecode.swift; path = AdzanManager.swift; sourceTree = "<group>"; };
		B8EBFA67270AD71E008555A7 /* din.app */ = {isa = PBXFileReference; explicitFileType = wrapper.application; includeInIndex = 0; path = din.app; sourceTree = BUILT_PRODUCTS_DIR; };
		B8EBFA6A270AD71E008555A7 /* dinApp.swift */ = {isa = PBXFileReference; lastKnownFileType = sourcecode.swift; path = dinApp.swift; sourceTree = "<group>"; };
		B8EBFA6C270AD71E008555A7 /* ContentView.swift */ = {isa = PBXFileReference; lastKnownFileType = sourcecode.swift; path = ContentView.swift; sourceTree = "<group>"; };
		B8EBFA6E270AD721008555A7 /* Assets.xcassets */ = {isa = PBXFileReference; lastKnownFileType = folder.assetcatalog; path = Assets.xcassets; sourceTree = "<group>"; };
		B8EBFA71270AD721008555A7 /* Preview Assets.xcassets */ = {isa = PBXFileReference; lastKnownFileType = folder.assetcatalog; path = "Preview Assets.xcassets"; sourceTree = "<group>"; };
		B8EBFA77270AD722008555A7 /* dinTests.xctest */ = {isa = PBXFileReference; explicitFileType = wrapper.cfbundle; includeInIndex = 0; path = dinTests.xctest; sourceTree = BUILT_PRODUCTS_DIR; };
		B8EBFA7B270AD722008555A7 /* dinTests.swift */ = {isa = PBXFileReference; lastKnownFileType = sourcecode.swift; path = dinTests.swift; sourceTree = "<group>"; };
		B8EBFA81270AD722008555A7 /* dinUITests.xctest */ = {isa = PBXFileReference; explicitFileType = wrapper.cfbundle; includeInIndex = 0; path = dinUITests.xctest; sourceTree = BUILT_PRODUCTS_DIR; };
		B8EBFA85270AD722008555A7 /* dinUITests.swift */ = {isa = PBXFileReference; lastKnownFileType = sourcecode.swift; path = dinUITests.swift; sourceTree = "<group>"; };
		B8EBFA87270AD722008555A7 /* dinUITestsLaunchTests.swift */ = {isa = PBXFileReference; lastKnownFileType = sourcecode.swift; path = dinUITestsLaunchTests.swift; sourceTree = "<group>"; };
		B8EBFAA5270ADACE008555A7 /* Repository.swift */ = {isa = PBXFileReference; lastKnownFileType = sourcecode.swift; path = Repository.swift; sourceTree = "<group>"; };
		B8EBFAA9270ADAFC008555A7 /* RemoteDataSource.swift */ = {isa = PBXFileReference; lastKnownFileType = sourcecode.swift; path = RemoteDataSource.swift; sourceTree = "<group>"; };
		B8EBFAAB270ADB07008555A7 /* LocaleDataSource.swift */ = {isa = PBXFileReference; lastKnownFileType = sourcecode.swift; path = LocaleDataSource.swift; sourceTree = "<group>"; };
		B8EBFAAD270ADB1E008555A7 /* Injection.swift */ = {isa = PBXFileReference; lastKnownFileType = sourcecode.swift; path = Injection.swift; sourceTree = "<group>"; };
		B8EBFAB3270ADB3E008555A7 /* GlobalHelper.swift */ = {isa = PBXFileReference; lastKnownFileType = sourcecode.swift; path = GlobalHelper.swift; sourceTree = "<group>"; };
		B8EBFABC270AE0E5008555A7 /* .swiftlint.yml */ = {isa = PBXFileReference; lastKnownFileType = text.yaml; path = .swiftlint.yml; sourceTree = "<group>"; };
		B8EBFABE270AE265008555A7 /* Launch Screen.storyboard */ = {isa = PBXFileReference; lastKnownFileType = file.storyboard; path = "Launch Screen.storyboard"; sourceTree = "<group>"; };
		B8EBFAC1270AE453008555A7 /* OnBoardingView.swift */ = {isa = PBXFileReference; lastKnownFileType = sourcecode.swift; path = OnBoardingView.swift; sourceTree = "<group>"; };
		B8EBFAC3270AE7BF008555A7 /* HomeInteractor.swift */ = {isa = PBXFileReference; lastKnownFileType = sourcecode.swift; path = HomeInteractor.swift; sourceTree = "<group>"; };
		B8F89F392712C44D00972F05 /* Tab3View.swift */ = {isa = PBXFileReference; lastKnownFileType = sourcecode.swift; path = Tab3View.swift; sourceTree = "<group>"; };
/* End PBXFileReference section */

/* Begin PBXFrameworksBuildPhase section */
		B81BDFDC271EB85700E3A57B /* Frameworks */ = {
			isa = PBXFrameworksBuildPhase;
			buildActionMask = 2147483647;
			files = (
				B81BDFE4271EB85700E3A57B /* SwiftUI.framework in Frameworks */,
				B81BDFE2271EB85700E3A57B /* WidgetKit.framework in Frameworks */,
			);
			runOnlyForDeploymentPostprocessing = 0;
		};
		B8EBFA64270AD71E008555A7 /* Frameworks */ = {
			isa = PBXFrameworksBuildPhase;
			buildActionMask = 2147483647;
			files = (
				B89490832710239B00705139 /* SDWebImageSwiftUI in Frameworks */,
				B88F22C8270D84BD008ED53A /* RealmSwift in Frameworks */,
				B88F22C6270D84BD008ED53A /* Realm in Frameworks */,
				B8EBFA96270AD77E008555A7 /* Alamofire in Frameworks */,
			);
			runOnlyForDeploymentPostprocessing = 0;
		};
		B8EBFA74270AD722008555A7 /* Frameworks */ = {
			isa = PBXFrameworksBuildPhase;
			buildActionMask = 2147483647;
			files = (
			);
			runOnlyForDeploymentPostprocessing = 0;
		};
		B8EBFA7E270AD722008555A7 /* Frameworks */ = {
			isa = PBXFrameworksBuildPhase;
			buildActionMask = 2147483647;
			files = (
			);
			runOnlyForDeploymentPostprocessing = 0;
		};
/* End PBXFrameworksBuildPhase section */

/* Begin PBXGroup section */
		B8002949271569A900EE599B /* Audio */ = {
			isa = PBXGroup;
			children = (
				B800294A271569B800EE599B /* AudioPlayer.swift */,
			);
			path = Audio;
			sourceTree = "<group>";
		};
		B8007BA62717D18D003AA345 /* Tab 2 */ = {
			isa = PBXGroup;
			children = (
				B8007BA92717D1A4003AA345 /* View */,
				B8007BA82717D1A0003AA345 /* Presenter */,
				B8007BA72717D197003AA345 /* Router */,
			);
			path = "Tab 2";
			sourceTree = "<group>";
		};
		B8007BA72717D197003AA345 /* Router */ = {
			isa = PBXGroup;
			children = (
				B8007BAC2717D3CF003AA345 /* Tab2Router.swift */,
			);
			path = Router;
			sourceTree = "<group>";
		};
		B8007BA82717D1A0003AA345 /* Presenter */ = {
			isa = PBXGroup;
			children = (
				B8007BAE2717D3E6003AA345 /* Tab2Presenter.swift */,
			);
			path = Presenter;
			sourceTree = "<group>";
		};
		B8007BA92717D1A4003AA345 /* View */ = {
			isa = PBXGroup;
			children = (
				B8007BAA2717D1F8003AA345 /* Tab2View.swift */,
			);
			path = View;
			sourceTree = "<group>";
		};
		B803DA432712772500303ABC /* Hadits */ = {
			isa = PBXGroup;
			children = (
				B803DA442712772900303ABC /* View */,
				B803DA452712772E00303ABC /* Presenter */,
			);
			path = Hadits;
			sourceTree = "<group>";
		};
		B803DA442712772900303ABC /* View */ = {
			isa = PBXGroup;
			children = (
				B803DA482712775200303ABC /* HaditsDetailView.swift */,
			);
			path = View;
			sourceTree = "<group>";
		};
		B803DA452712772E00303ABC /* Presenter */ = {
			isa = PBXGroup;
			children = (
				B803DA4A2712777800303ABC /* HaditsDetailPresenter.swift */,
			);
			path = Presenter;
			sourceTree = "<group>";
		};
		B81BDFE0271EB85700E3A57B /* Frameworks */ = {
			isa = PBXGroup;
			children = (
				B81BDFE1271EB85700E3A57B /* WidgetKit.framework */,
				B81BDFE3271EB85700E3A57B /* SwiftUI.framework */,
			);
			name = Frameworks;
			sourceTree = "<group>";
		};
		B81BDFE5271EB85700E3A57B /* dinWidget */ = {
			isa = PBXGroup;
			children = (
				B81BDFE6271EB85700E3A57B /* dinWidget.swift */,
				B81BDFE8271EB85700E3A57B /* dinWidget.intentdefinition */,
				B81BDFE9271EB85A00E3A57B /* Assets.xcassets */,
				B81BDFEB271EB85A00E3A57B /* Info.plist */,
			);
			path = dinWidget;
			sourceTree = "<group>";
		};
		B832811B270ED09E00E18875 /* Others */ = {
			isa = PBXGroup;
			children = (
				B89A6A82271076CE0008E208 /* List */,
			);
			path = Others;
			sourceTree = "<group>";
		};
		B8328124270ED6C000E18875 /* Networking */ = {
			isa = PBXGroup;
			children = (
				B8328122270ED6BC00E18875 /* Api.swift */,
				B84B0DC3270FF34700A93698 /* Network.swift */,
			);
			path = Networking;
			sourceTree = "<group>";
		};
		B8328127270ED90300E18875 /* Mapper */ = {
			isa = PBXGroup;
			children = (
				B8328128270ED91100E18875 /* SurahMapper.swift */,
				B84B0DBF270FEF7D00A93698 /* NewsMapper.swift */,
				B82004F42711396300541C45 /* AdzanMapper.swift */,
				B83AA9E32711654D003BCFCA /* HaditsMapper.swift */,
			);
			path = Mapper;
			sourceTree = "<group>";
		};
		B835C167270F2E7B009CD9B6 /* Tab1 */ = {
			isa = PBXGroup;
			children = (
				B835C16A270F2E8C009CD9B6 /* View */,
				B835C169270F2E89009CD9B6 /* Presenter */,
				B835C168270F2E86009CD9B6 /* Router */,
				B835C171270F34F4009CD9B6 /* Others */,
			);
			path = Tab1;
			sourceTree = "<group>";
		};
		B835C168270F2E86009CD9B6 /* Router */ = {
			isa = PBXGroup;
			children = (
				B803DA4E2712798700303ABC /* Tab1Router.swift */,
			);
			path = Router;
			sourceTree = "<group>";
		};
		B835C169270F2E89009CD9B6 /* Presenter */ = {
			isa = PBXGroup;
			children = (
				B835C16D270F2EA6009CD9B6 /* Tab1Presenter.swift */,
			);
			path = Presenter;
			sourceTree = "<group>";
		};
		B835C16A270F2E8C009CD9B6 /* View */ = {
			isa = PBXGroup;
			children = (
				B835C16B270F2E98009CD9B6 /* Tab1View.swift */,
			);
			path = View;
			sourceTree = "<group>";
		};
		B835C171270F34F4009CD9B6 /* Others */ = {
			isa = PBXGroup;
			children = (
				B835C172270F350A009CD9B6 /* Tab1SurahListView.swift */,
			);
			path = Others;
			sourceTree = "<group>";
		};
		B83A54EE27151CF4002AA6BD /* Quran */ = {
			isa = PBXGroup;
			children = (
				B83A54F027151CFC002AA6BD /* View */,
				B83A54EF27151CF8002AA6BD /* Presenter */,
			);
			path = Quran;
			sourceTree = "<group>";
		};
		B83A54EF27151CF8002AA6BD /* Presenter */ = {
			isa = PBXGroup;
			children = (
				B83A54F327151D26002AA6BD /* QuranDetailPresenter.swift */,
			);
			path = Presenter;
			sourceTree = "<group>";
		};
		B83A54F027151CFC002AA6BD /* View */ = {
			isa = PBXGroup;
			children = (
				B83A54F127151D0F002AA6BD /* QuranDetailView.swift */,
			);
			path = View;
			sourceTree = "<group>";
		};
		B8552DCD270BF0A00044D49F /* SystemPreference */ = {
			isa = PBXGroup;
			children = (
				B876DD54270DE12800574D81 /* SystemPreference.swift */,
			);
			path = SystemPreference;
			sourceTree = "<group>";
		};
		B89A6A82271076CE0008E208 /* List */ = {
			isa = PBXGroup;
			children = (
				B832811C270ED0BA00E18875 /* HomeHaditsListView.swift */,
				B894907F2710213500705139 /* HomeNewsListView.swift */,
			);
			path = List;
			sourceTree = "<group>";
		};
		B89A6A83271076D40008E208 /* Detail */ = {
			isa = PBXGroup;
			children = (
				B83A54EE27151CF4002AA6BD /* Quran */,
				B803DA432712772500303ABC /* Hadits */,
				B89A6A84271076DF0008E208 /* News */,
			);
			path = Detail;
			sourceTree = "<group>";
		};
		B89A6A84271076DF0008E208 /* News */ = {
			isa = PBXGroup;
			children = (
				B89A6A86271076E90008E208 /* View */,
				B89A6A85271076E50008E208 /* Presenter */,
			);
			path = News;
			sourceTree = "<group>";
		};
		B89A6A85271076E50008E208 /* Presenter */ = {
			isa = PBXGroup;
			children = (
				B89A6A8B271077850008E208 /* NewsDetailPresenter.swift */,
			);
			path = Presenter;
			sourceTree = "<group>";
		};
		B89A6A86271076E90008E208 /* View */ = {
			isa = PBXGroup;
			children = (
				B89A6A892710773E0008E208 /* NewsDetailView.swift */,
			);
			path = View;
			sourceTree = "<group>";
		};
		B89F071D270E9785004B7557 /* Settings */ = {
			isa = PBXGroup;
			children = (
				B89F0720270E9798004B7557 /* View */,
				B89F071F270E9794004B7557 /* Presenter */,
				B89F071E270E978D004B7557 /* Router */,
			);
			path = Settings;
			sourceTree = "<group>";
		};
		B89F071E270E978D004B7557 /* Router */ = {
			isa = PBXGroup;
			children = (
			);
			path = Router;
			sourceTree = "<group>";
		};
		B89F071F270E9794004B7557 /* Presenter */ = {
			isa = PBXGroup;
			children = (
			);
			path = Presenter;
			sourceTree = "<group>";
		};
		B89F0720270E9798004B7557 /* View */ = {
			isa = PBXGroup;
			children = (
				B89F0721270E9BA3004B7557 /* SettingsView.swift */,
			);
			path = View;
			sourceTree = "<group>";
		};
		B89F0723270EAC6B004B7557 /* Features */ = {
			isa = PBXGroup;
			children = (
				B8002949271569A900EE599B /* Audio */,
				B89F0724270EAC73004B7557 /* Adzan */,
			);
			path = Features;
			sourceTree = "<group>";
		};
		B89F0724270EAC73004B7557 /* Adzan */ = {
			isa = PBXGroup;
			children = (
				B89F0725270EAC83004B7557 /* AdzanManager.swift */,
			);
			path = Adzan;
			sourceTree = "<group>";
		};
		B8EBFA5E270AD71E008555A7 = {
			isa = PBXGroup;
			children = (
				B81BDFF6271EB87300E3A57B /* dinWidgetExtension.entitlements */,
				B8EBFABC270AE0E5008555A7 /* .swiftlint.yml */,
				B8EBFA69270AD71E008555A7 /* din */,
				B8EBFA7A270AD722008555A7 /* dinTests */,
				B8EBFA84270AD722008555A7 /* dinUITests */,
				B81BDFE5271EB85700E3A57B /* dinWidget */,
				B81BDFE0271EB85700E3A57B /* Frameworks */,
				B8EBFA68270AD71E008555A7 /* Products */,
			);
			sourceTree = "<group>";
		};
		B8EBFA68270AD71E008555A7 /* Products */ = {
			isa = PBXGroup;
			children = (
				B8EBFA67270AD71E008555A7 /* din.app */,
				B8EBFA77270AD722008555A7 /* dinTests.xctest */,
				B8EBFA81270AD722008555A7 /* dinUITests.xctest */,
				B81BDFDF271EB85700E3A57B /* dinWidgetExtension.appex */,
			);
			name = Products;
			sourceTree = "<group>";
		};
		B8EBFA69270AD71E008555A7 /* din */ = {
			isa = PBXGroup;
			children = (
				B81BDFF5271EB86A00E3A57B /* din.entitlements */,
				B82004F627113DE000541C45 /* Info.plist */,
				B8EBFA97270AD785008555A7 /* App */,
				B8EBFA9A270AD7E7008555A7 /* Core */,
				B8EBFA99270AD7E3008555A7 /* Module */,
				B8EBFA98270AD78C008555A7 /* Supporting Files */,
				B8EBFA70270AD721008555A7 /* Preview Content */,
			);
			path = din;
			sourceTree = "<group>";
		};
		B8EBFA70270AD721008555A7 /* Preview Content */ = {
			isa = PBXGroup;
			children = (
				B8EBFA71270AD721008555A7 /* Preview Assets.xcassets */,
			);
			path = "Preview Content";
			sourceTree = "<group>";
		};
		B8EBFA7A270AD722008555A7 /* dinTests */ = {
			isa = PBXGroup;
			children = (
				B8EBFA7B270AD722008555A7 /* dinTests.swift */,
			);
			path = dinTests;
			sourceTree = "<group>";
		};
		B8EBFA84270AD722008555A7 /* dinUITests */ = {
			isa = PBXGroup;
			children = (
				B8EBFA85270AD722008555A7 /* dinUITests.swift */,
				B8EBFA87270AD722008555A7 /* dinUITestsLaunchTests.swift */,
			);
			path = dinUITests;
			sourceTree = "<group>";
		};
		B8EBFA97270AD785008555A7 /* App */ = {
			isa = PBXGroup;
			children = (
				B8EBFA6A270AD71E008555A7 /* dinApp.swift */,
				B8EBFA6C270AD71E008555A7 /* ContentView.swift */,
			);
			path = App;
			sourceTree = "<group>";
		};
		B8EBFA98270AD78C008555A7 /* Supporting Files */ = {
			isa = PBXGroup;
			children = (
				B8EBFA6E270AD721008555A7 /* Assets.xcassets */,
			);
			path = "Supporting Files";
			sourceTree = "<group>";
		};
		B8EBFA99270AD7E3008555A7 /* Module */ = {
			isa = PBXGroup;
			children = (
				B8EBFAB6270ADBB2008555A7 /* Root */,
				B8EBFAB5270ADB96008555A7 /* Main */,
			);
			path = Module;
			sourceTree = "<group>";
		};
		B8EBFA9A270AD7E7008555A7 /* Core */ = {
			isa = PBXGroup;
			children = (
				B8552DCD270BF0A00044D49F /* SystemPreference */,
				B89F0723270EAC6B004B7557 /* Features */,
				B8EBFA9F270AD808008555A7 /* Injection */,
				B8EBFA9E270AD804008555A7 /* Data */,
				B8EBFA9D270AD7FF008555A7 /* Domain */,
				B8EBFA9C270AD7F9008555A7 /* Utils */,
			);
			path = Core;
			sourceTree = "<group>";
		};
		B8EBFA9B270AD7ED008555A7 /* Home */ = {
			isa = PBXGroup;
			children = (
				B8EBFAB1270ADB29008555A7 /* View */,
				B8EBFAB0270ADB25008555A7 /* Presenter */,
				B8EBFAAF270ADB22008555A7 /* Router */,
				B832811B270ED09E00E18875 /* Others */,
			);
			path = Home;
			sourceTree = "<group>";
		};
		B8EBFA9C270AD7F9008555A7 /* Utils */ = {
			isa = PBXGroup;
			children = (
				B8328127270ED90300E18875 /* Mapper */,
				B8328124270ED6C000E18875 /* Networking */,
				B8EBFAB2270ADB2E008555A7 /* Helpers */,
			);
			path = Utils;
			sourceTree = "<group>";
		};
		B8EBFA9D270AD7FF008555A7 /* Domain */ = {
			isa = PBXGroup;
			children = (
				B8EBFAA1270ADA50008555A7 /* UseCase */,
				B8EBFAA0270ADA49008555A7 /* Model */,
			);
			path = Domain;
			sourceTree = "<group>";
		};
		B8EBFA9E270AD804008555A7 /* Data */ = {
			isa = PBXGroup;
			children = (
				B8EBFAA4270ADAA5008555A7 /* Repository */,
				B8EBFAA3270ADAA2008555A7 /* Remote */,
				B8EBFAA2270ADA9E008555A7 /* Locale */,
			);
			path = Data;
			sourceTree = "<group>";
		};
		B8EBFA9F270AD808008555A7 /* Injection */ = {
			isa = PBXGroup;
			children = (
				B8EBFAAD270ADB1E008555A7 /* Injection.swift */,
			);
			path = Injection;
			sourceTree = "<group>";
		};
		B8EBFAA0270ADA49008555A7 /* Model */ = {
			isa = PBXGroup;
			children = (
				B832811E270ED0F800E18875 /* HaditsModel.swift */,
				B8328125270ED88500E18875 /* SurahModel.swift */,
				B84B0DC1270FEFA100A93698 /* NewsModel.swift */,
				B82004F2271138B300541C45 /* AdzanModel.swift */,
				B800294C27156A6300EE599B /* AudioModel.swift */,
			);
			path = Model;
			sourceTree = "<group>";
		};
		B8EBFAA1270ADA50008555A7 /* UseCase */ = {
			isa = PBXGroup;
			children = (
				B8EBFAC3270AE7BF008555A7 /* HomeInteractor.swift */,
				B835C16F270F2F64009CD9B6 /* Tab1Interactor.swift */,
				B89A6A80271076000008E208 /* NewsDetailInteractor.swift */,
				B803DA4C2712790400303ABC /* HaditsDetailInteractor.swift */,
				B83A54F527151E28002AA6BD /* QuranDetailInteractor.swift */,
				B83A54FB27153348002AA6BD /* Tab3Interactor.swift */,
				B8007BB02717D444003AA345 /* Tab2Interacor.swift */,
			);
			path = UseCase;
			sourceTree = "<group>";
		};
		B8EBFAA2270ADA9E008555A7 /* Locale */ = {
			isa = PBXGroup;
			children = (
				B8EBFAA8270ADAD6008555A7 /* Entity */,
				B8EBFAAB270ADB07008555A7 /* LocaleDataSource.swift */,
			);
			path = Locale;
			sourceTree = "<group>";
		};
		B8EBFAA3270ADAA2008555A7 /* Remote */ = {
			isa = PBXGroup;
			children = (
				B8EBFAA7270ADAD2008555A7 /* Response */,
				B8EBFAA9270ADAFC008555A7 /* RemoteDataSource.swift */,
			);
			path = Remote;
			sourceTree = "<group>";
		};
		B8EBFAA4270ADAA5008555A7 /* Repository */ = {
			isa = PBXGroup;
			children = (
				B8EBFAA5270ADACE008555A7 /* Repository.swift */,
			);
			path = Repository;
			sourceTree = "<group>";
		};
		B8EBFAA7270ADAD2008555A7 /* Response */ = {
			isa = PBXGroup;
			children = (
				B8328120270ED5DE00E18875 /* QuranResponse.swift */,
				B84B0DBD270FE86700A93698 /* IslamicNewsResponse.swift */,
				B82004F02711379600541C45 /* PrayTimeResponse.swift */,
				B83AA9E127116465003BCFCA /* HaditsResponse.swift */,
				B83A54FD2715338F002AA6BD /* AudioResponse.swift */,
			);
			path = Response;
			sourceTree = "<group>";
		};
		B8EBFAA8270ADAD6008555A7 /* Entity */ = {
			isa = PBXGroup;
			children = (
			);
			path = Entity;
			sourceTree = "<group>";
		};
		B8EBFAAF270ADB22008555A7 /* Router */ = {
			isa = PBXGroup;
			children = (
				B89A6A7E271075840008E208 /* HomeRouter.swift */,
			);
			path = Router;
			sourceTree = "<group>";
		};
		B8EBFAB0270ADB25008555A7 /* Presenter */ = {
			isa = PBXGroup;
			children = (
				B8313DEE270D335800EBE94C /* HomePresenter.swift */,
			);
			path = Presenter;
			sourceTree = "<group>";
		};
		B8EBFAB1270ADB29008555A7 /* View */ = {
			isa = PBXGroup;
			children = (
				B8552DCB270BEE4E0044D49F /* HomeView.swift */,
			);
			path = View;
			sourceTree = "<group>";
		};
		B8EBFAB2270ADB2E008555A7 /* Helpers */ = {
			isa = PBXGroup;
			children = (
				B8EBFAB3270ADB3E008555A7 /* GlobalHelper.swift */,
			);
			path = Helpers;
			sourceTree = "<group>";
		};
		B8EBFAB5270ADB96008555A7 /* Main */ = {
			isa = PBXGroup;
			children = (
				B89A6A83271076D40008E208 /* Detail */,
				B8EBFA9B270AD7ED008555A7 /* Home */,
				B835C167270F2E7B009CD9B6 /* Tab1 */,
				B8007BA62717D18D003AA345 /* Tab 2 */,
				B8F89F352712C41E00972F05 /* Tab3 */,
				B89F071D270E9785004B7557 /* Settings */,
			);
			path = Main;
			sourceTree = "<group>";
		};
		B8EBFAB6270ADBB2008555A7 /* Root */ = {
			isa = PBXGroup;
			children = (
				B8EBFAC0270AE3FD008555A7 /* SplashScreen */,
				B8EBFAB7270ADBBF008555A7 /* OnBoarding */,
				B8EBFAB8270ADBCC008555A7 /* Signer */,
			);
			path = Root;
			sourceTree = "<group>";
		};
		B8EBFAB7270ADBBF008555A7 /* OnBoarding */ = {
			isa = PBXGroup;
			children = (
				B8EBFAC1270AE453008555A7 /* OnBoardingView.swift */,
			);
			path = OnBoarding;
			sourceTree = "<group>";
		};
		B8EBFAB8270ADBCC008555A7 /* Signer */ = {
			isa = PBXGroup;
			children = (
			);
			path = Signer;
			sourceTree = "<group>";
		};
		B8EBFAC0270AE3FD008555A7 /* SplashScreen */ = {
			isa = PBXGroup;
			children = (
				B8EBFABE270AE265008555A7 /* Launch Screen.storyboard */,
			);
			path = SplashScreen;
			sourceTree = "<group>";
		};
		B8F89F352712C41E00972F05 /* Tab3 */ = {
			isa = PBXGroup;
			children = (
				B8F89F382712C44000972F05 /* View */,
				B8F89F372712C43B00972F05 /* Presenter */,
				B8F89F362712C43800972F05 /* Router */,
			);
			path = Tab3;
			sourceTree = "<group>";
		};
		B8F89F362712C43800972F05 /* Router */ = {
			isa = PBXGroup;
			children = (
			);
			path = Router;
			sourceTree = "<group>";
		};
		B8F89F372712C43B00972F05 /* Presenter */ = {
			isa = PBXGroup;
			children = (
				B83A54F7271532AF002AA6BD /* Tab3Presenter.swift */,
			);
			path = Presenter;
			sourceTree = "<group>";
		};
		B8F89F382712C44000972F05 /* View */ = {
			isa = PBXGroup;
			children = (
				B8F89F392712C44D00972F05 /* Tab3View.swift */,
			);
			path = View;
			sourceTree = "<group>";
		};
/* End PBXGroup section */

/* Begin PBXNativeTarget section */
		B81BDFDE271EB85700E3A57B /* dinWidgetExtension */ = {
			isa = PBXNativeTarget;
			buildConfigurationList = B81BDFF4271EB85A00E3A57B /* Build configuration list for PBXNativeTarget "dinWidgetExtension" */;
			buildPhases = (
				B81BDFDB271EB85700E3A57B /* Sources */,
				B81BDFDC271EB85700E3A57B /* Frameworks */,
				B81BDFDD271EB85700E3A57B /* Resources */,
			);
			buildRules = (
			);
			dependencies = (
			);
			name = dinWidgetExtension;
			productName = dinWidgetExtension;
			productReference = B81BDFDF271EB85700E3A57B /* dinWidgetExtension.appex */;
			productType = "com.apple.product-type.app-extension";
		};
		B8EBFA66270AD71E008555A7 /* din */ = {
			isa = PBXNativeTarget;
			buildConfigurationList = B8EBFA8B270AD722008555A7 /* Build configuration list for PBXNativeTarget "din" */;
			buildPhases = (
				B8EBFA63270AD71E008555A7 /* Sources */,
				B8EBFA64270AD71E008555A7 /* Frameworks */,
				B8EBFA65270AD71E008555A7 /* Resources */,
				B8EBFABB270AE0A9008555A7 /* ShellScript */,
				B81BDFF1271EB85A00E3A57B /* Embed App Extensions */,
			);
			buildRules = (
			);
			dependencies = (
				B81BDFEF271EB85A00E3A57B /* PBXTargetDependency */,
			);
			name = din;
			packageProductDependencies = (
				B8EBFA95270AD77E008555A7 /* Alamofire */,
				B88F22C5270D84BD008ED53A /* Realm */,
				B88F22C7270D84BD008ED53A /* RealmSwift */,
				B89490822710239B00705139 /* SDWebImageSwiftUI */,
			);
			productName = din;
			productReference = B8EBFA67270AD71E008555A7 /* din.app */;
			productType = "com.apple.product-type.application";
		};
		B8EBFA76270AD722008555A7 /* dinTests */ = {
			isa = PBXNativeTarget;
			buildConfigurationList = B8EBFA8E270AD722008555A7 /* Build configuration list for PBXNativeTarget "dinTests" */;
			buildPhases = (
				B8EBFA73270AD722008555A7 /* Sources */,
				B8EBFA74270AD722008555A7 /* Frameworks */,
				B8EBFA75270AD722008555A7 /* Resources */,
			);
			buildRules = (
			);
			dependencies = (
				B8EBFA79270AD722008555A7 /* PBXTargetDependency */,
			);
			name = dinTests;
			productName = dinTests;
			productReference = B8EBFA77270AD722008555A7 /* dinTests.xctest */;
			productType = "com.apple.product-type.bundle.unit-test";
		};
		B8EBFA80270AD722008555A7 /* dinUITests */ = {
			isa = PBXNativeTarget;
			buildConfigurationList = B8EBFA91270AD722008555A7 /* Build configuration list for PBXNativeTarget "dinUITests" */;
			buildPhases = (
				B8EBFA7D270AD722008555A7 /* Sources */,
				B8EBFA7E270AD722008555A7 /* Frameworks */,
				B8EBFA7F270AD722008555A7 /* Resources */,
			);
			buildRules = (
			);
			dependencies = (
				B8EBFA83270AD722008555A7 /* PBXTargetDependency */,
			);
			name = dinUITests;
			productName = dinUITests;
			productReference = B8EBFA81270AD722008555A7 /* dinUITests.xctest */;
			productType = "com.apple.product-type.bundle.ui-testing";
		};
/* End PBXNativeTarget section */

/* Begin PBXProject section */
		B8EBFA5F270AD71E008555A7 /* Project object */ = {
			isa = PBXProject;
			attributes = {
				BuildIndependentTargetsInParallel = 1;
				LastSwiftUpdateCheck = 1300;
				LastUpgradeCheck = 1300;
				TargetAttributes = {
					B81BDFDE271EB85700E3A57B = {
						CreatedOnToolsVersion = 13.0;
					};
					B8EBFA66270AD71E008555A7 = {
						CreatedOnToolsVersion = 13.0;
					};
					B8EBFA76270AD722008555A7 = {
						CreatedOnToolsVersion = 13.0;
						TestTargetID = B8EBFA66270AD71E008555A7;
					};
					B8EBFA80270AD722008555A7 = {
						CreatedOnToolsVersion = 13.0;
						TestTargetID = B8EBFA66270AD71E008555A7;
					};
				};
			};
			buildConfigurationList = B8EBFA62270AD71E008555A7 /* Build configuration list for PBXProject "din" */;
			compatibilityVersion = "Xcode 13.0";
			developmentRegion = en;
			hasScannedForEncodings = 0;
			knownRegions = (
				en,
				Base,
			);
			mainGroup = B8EBFA5E270AD71E008555A7;
			packageReferences = (
				B8EBFA94270AD77E008555A7 /* XCRemoteSwiftPackageReference "Alamofire" */,
				B88F22C4270D84BD008ED53A /* XCRemoteSwiftPackageReference "realm-cocoa" */,
				B89490812710239B00705139 /* XCRemoteSwiftPackageReference "SDWebImageSwiftUI" */,
			);
			productRefGroup = B8EBFA68270AD71E008555A7 /* Products */;
			projectDirPath = "";
			projectRoot = "";
			targets = (
				B8EBFA66270AD71E008555A7 /* din */,
				B8EBFA76270AD722008555A7 /* dinTests */,
				B8EBFA80270AD722008555A7 /* dinUITests */,
				B81BDFDE271EB85700E3A57B /* dinWidgetExtension */,
			);
		};
/* End PBXProject section */

/* Begin PBXResourcesBuildPhase section */
		B81BDFDD271EB85700E3A57B /* Resources */ = {
			isa = PBXResourcesBuildPhase;
			buildActionMask = 2147483647;
			files = (
				B81BDFEA271EB85A00E3A57B /* Assets.xcassets in Resources */,
			);
			runOnlyForDeploymentPostprocessing = 0;
		};
		B8EBFA65270AD71E008555A7 /* Resources */ = {
			isa = PBXResourcesBuildPhase;
			buildActionMask = 2147483647;
			files = (
				B8EBFABD270AE0E5008555A7 /* .swiftlint.yml in Resources */,
				B8EBFA72270AD721008555A7 /* Preview Assets.xcassets in Resources */,
				B8EBFABF270AE265008555A7 /* Launch Screen.storyboard in Resources */,
				B8EBFA6F270AD721008555A7 /* Assets.xcassets in Resources */,
			);
			runOnlyForDeploymentPostprocessing = 0;
		};
		B8EBFA75270AD722008555A7 /* Resources */ = {
			isa = PBXResourcesBuildPhase;
			buildActionMask = 2147483647;
			files = (
			);
			runOnlyForDeploymentPostprocessing = 0;
		};
		B8EBFA7F270AD722008555A7 /* Resources */ = {
			isa = PBXResourcesBuildPhase;
			buildActionMask = 2147483647;
			files = (
			);
			runOnlyForDeploymentPostprocessing = 0;
		};
/* End PBXResourcesBuildPhase section */

/* Begin PBXShellScriptBuildPhase section */
		B8EBFABB270AE0A9008555A7 /* ShellScript */ = {
			isa = PBXShellScriptBuildPhase;
			buildActionMask = 2147483647;
			files = (
			);
			inputFileListPaths = (
			);
			inputPaths = (
			);
			outputFileListPaths = (
			);
			outputPaths = (
			);
			runOnlyForDeploymentPostprocessing = 0;
			shellPath = /bin/sh;
			shellScript = "# Type a script or drag a script file from your workspace to insert its path.\nscript\nif which swiftlint >/dev/null; then \n    swiftlint \nelse \n    echo \"warning: SwiftLint not installed, download from https://github.com/realm/SwiftLint\" \nfi\n";
		};
/* End PBXShellScriptBuildPhase section */

/* Begin PBXSourcesBuildPhase section */
		B81BDFDB271EB85700E3A57B /* Sources */ = {
			isa = PBXSourcesBuildPhase;
			buildActionMask = 2147483647;
			files = (
				B81BDFEC271EB85A00E3A57B /* dinWidget.intentdefinition in Sources */,
				B81BDFE7271EB85700E3A57B /* dinWidget.swift in Sources */,
			);
			runOnlyForDeploymentPostprocessing = 0;
		};
		B8EBFA63270AD71E008555A7 /* Sources */ = {
			isa = PBXSourcesBuildPhase;
			buildActionMask = 2147483647;
			files = (
				B8328123270ED6BC00E18875 /* Api.swift in Sources */,
				B8328121270ED5DE00E18875 /* QuranResponse.swift in Sources */,
				B81BDFED271EB85A00E3A57B /* dinWidget.intentdefinition in Sources */,
				B8EBFAAA270ADAFC008555A7 /* RemoteDataSource.swift in Sources */,
				B83AA9E42711654D003BCFCA /* HaditsMapper.swift in Sources */,
				B83AA9E227116465003BCFCA /* HaditsResponse.swift in Sources */,
				B84B0DC2270FEFA100A93698 /* NewsModel.swift in Sources */,
				B8EBFA6D270AD71E008555A7 /* ContentView.swift in Sources */,
				B835C173270F350A009CD9B6 /* Tab1SurahListView.swift in Sources */,
				B8EBFA6B270AD71E008555A7 /* dinApp.swift in Sources */,
				B82004F52711396300541C45 /* AdzanMapper.swift in Sources */,
				B8552DCC270BEE4E0044D49F /* HomeView.swift in Sources */,
				B83A54FE2715338F002AA6BD /* AudioResponse.swift in Sources */,
				B835C16E270F2EA6009CD9B6 /* Tab1Presenter.swift in Sources */,
				B835C16C270F2E98009CD9B6 /* Tab1View.swift in Sources */,
				B8EBFAAE270ADB1E008555A7 /* Injection.swift in Sources */,
				B876DD55270DE12800574D81 /* SystemPreference.swift in Sources */,
				B803DA4D2712790400303ABC /* HaditsDetailInteractor.swift in Sources */,
				B8007BAB2717D1F8003AA345 /* Tab2View.swift in Sources */,
				B8328129270ED91100E18875 /* SurahMapper.swift in Sources */,
				B8EBFAA6270ADACE008555A7 /* Repository.swift in Sources */,
				B89A6A81271076000008E208 /* NewsDetailInteractor.swift in Sources */,
				B8EBFAAC270ADB07008555A7 /* LocaleDataSource.swift in Sources */,
				B803DA492712775200303ABC /* HaditsDetailView.swift in Sources */,
				B89F0726270EAC83004B7557 /* AdzanManager.swift in Sources */,
				B8EBFAC4270AE7BF008555A7 /* HomeInteractor.swift in Sources */,
				B83A54F627151E28002AA6BD /* QuranDetailInteractor.swift in Sources */,
				B832811F270ED0F800E18875 /* HaditsModel.swift in Sources */,
				B8EBFAC2270AE453008555A7 /* OnBoardingView.swift in Sources */,
				B89A6A7F271075840008E208 /* HomeRouter.swift in Sources */,
				B8EBFAB4270ADB3E008555A7 /* GlobalHelper.swift in Sources */,
				B8313DEF270D335800EBE94C /* HomePresenter.swift in Sources */,
				B803DA4F2712798700303ABC /* Tab1Router.swift in Sources */,
				B89A6A8C271077850008E208 /* NewsDetailPresenter.swift in Sources */,
				B8328126270ED88500E18875 /* SurahModel.swift in Sources */,
				B8F89F3A2712C44D00972F05 /* Tab3View.swift in Sources */,
				B83A54F8271532AF002AA6BD /* Tab3Presenter.swift in Sources */,
				B84B0DBE270FE86700A93698 /* IslamicNewsResponse.swift in Sources */,
				B803DA4B2712777800303ABC /* HaditsDetailPresenter.swift in Sources */,
				B800294B271569B800EE599B /* AudioPlayer.swift in Sources */,
				B83A54FC27153348002AA6BD /* Tab3Interactor.swift in Sources */,
				B89490802710213500705139 /* HomeNewsListView.swift in Sources */,
				B89A6A8A2710773E0008E208 /* NewsDetailView.swift in Sources */,
				B835C170270F2F64009CD9B6 /* Tab1Interactor.swift in Sources */,
				B832811D270ED0BA00E18875 /* HomeHaditsListView.swift in Sources */,
				B89F0722270E9BA3004B7557 /* SettingsView.swift in Sources */,
				B84B0DC4270FF34700A93698 /* Network.swift in Sources */,
				B83A54F427151D26002AA6BD /* QuranDetailPresenter.swift in Sources */,
				B8007BAD2717D3CF003AA345 /* Tab2Router.swift in Sources */,
				B84B0DC0270FEF7D00A93698 /* NewsMapper.swift in Sources */,
				B8007BAF2717D3E6003AA345 /* Tab2Presenter.swift in Sources */,
				B800294D27156A6300EE599B /* AudioModel.swift in Sources */,
				B83A54F227151D0F002AA6BD /* QuranDetailView.swift in Sources */,
				B8007BB12717D444003AA345 /* Tab2Interacor.swift in Sources */,
				B82004F3271138B300541C45 /* AdzanModel.swift in Sources */,
				B82004F12711379600541C45 /* PrayTimeResponse.swift in Sources */,
			);
			runOnlyForDeploymentPostprocessing = 0;
		};
		B8EBFA73270AD722008555A7 /* Sources */ = {
			isa = PBXSourcesBuildPhase;
			buildActionMask = 2147483647;
			files = (
				B8EBFA7C270AD722008555A7 /* dinTests.swift in Sources */,
			);
			runOnlyForDeploymentPostprocessing = 0;
		};
		B8EBFA7D270AD722008555A7 /* Sources */ = {
			isa = PBXSourcesBuildPhase;
			buildActionMask = 2147483647;
			files = (
				B8EBFA88270AD722008555A7 /* dinUITestsLaunchTests.swift in Sources */,
				B8EBFA86270AD722008555A7 /* dinUITests.swift in Sources */,
			);
			runOnlyForDeploymentPostprocessing = 0;
		};
/* End PBXSourcesBuildPhase section */

/* Begin PBXTargetDependency section */
		B81BDFEF271EB85A00E3A57B /* PBXTargetDependency */ = {
			isa = PBXTargetDependency;
			target = B81BDFDE271EB85700E3A57B /* dinWidgetExtension */;
			targetProxy = B81BDFEE271EB85A00E3A57B /* PBXContainerItemProxy */;
		};
		B8EBFA79270AD722008555A7 /* PBXTargetDependency */ = {
			isa = PBXTargetDependency;
			target = B8EBFA66270AD71E008555A7 /* din */;
			targetProxy = B8EBFA78270AD722008555A7 /* PBXContainerItemProxy */;
		};
		B8EBFA83270AD722008555A7 /* PBXTargetDependency */ = {
			isa = PBXTargetDependency;
			target = B8EBFA66270AD71E008555A7 /* din */;
			targetProxy = B8EBFA82270AD722008555A7 /* PBXContainerItemProxy */;
		};
/* End PBXTargetDependency section */

/* Begin XCBuildConfiguration section */
		B81BDFF2271EB85A00E3A57B /* Debug */ = {
			isa = XCBuildConfiguration;
			buildSettings = {
				ASSETCATALOG_COMPILER_GLOBAL_ACCENT_COLOR_NAME = AccentColor;
				ASSETCATALOG_COMPILER_WIDGET_BACKGROUND_COLOR_NAME = WidgetBackground;
				CODE_SIGN_ENTITLEMENTS = dinWidgetExtension.entitlements;
				CODE_SIGN_STYLE = Automatic;
				CURRENT_PROJECT_VERSION = 1;
				DEVELOPMENT_TEAM = SWR83G7DDM;
				GENERATE_INFOPLIST_FILE = YES;
				INFOPLIST_FILE = dinWidget/Info.plist;
				INFOPLIST_KEY_CFBundleDisplayName = dinWidget;
				INFOPLIST_KEY_NSHumanReadableCopyright = "";
				IPHONEOS_DEPLOYMENT_TARGET = 15.0;
				LD_RUNPATH_SEARCH_PATHS = (
					"$(inherited)",
					"@executable_path/Frameworks",
					"@executable_path/../../Frameworks",
				);
				MARKETING_VERSION = 1.0;
				PRODUCT_BUNDLE_IDENTIFIER = com.addindev.din.dinWidget;
				PRODUCT_NAME = "$(TARGET_NAME)";
				SKIP_INSTALL = YES;
				SWIFT_EMIT_LOC_STRINGS = YES;
				SWIFT_VERSION = 5.0;
				TARGETED_DEVICE_FAMILY = "1,2";
			};
			name = Debug;
		};
		B81BDFF3271EB85A00E3A57B /* Release */ = {
			isa = XCBuildConfiguration;
			buildSettings = {
				ASSETCATALOG_COMPILER_GLOBAL_ACCENT_COLOR_NAME = AccentColor;
				ASSETCATALOG_COMPILER_WIDGET_BACKGROUND_COLOR_NAME = WidgetBackground;
				CODE_SIGN_ENTITLEMENTS = dinWidgetExtension.entitlements;
				CODE_SIGN_STYLE = Automatic;
				CURRENT_PROJECT_VERSION = 1;
				DEVELOPMENT_TEAM = SWR83G7DDM;
				GENERATE_INFOPLIST_FILE = YES;
				INFOPLIST_FILE = dinWidget/Info.plist;
				INFOPLIST_KEY_CFBundleDisplayName = dinWidget;
				INFOPLIST_KEY_NSHumanReadableCopyright = "";
				IPHONEOS_DEPLOYMENT_TARGET = 15.0;
				LD_RUNPATH_SEARCH_PATHS = (
					"$(inherited)",
					"@executable_path/Frameworks",
					"@executable_path/../../Frameworks",
				);
				MARKETING_VERSION = 1.0;
				PRODUCT_BUNDLE_IDENTIFIER = com.addindev.din.dinWidget;
				PRODUCT_NAME = "$(TARGET_NAME)";
				SKIP_INSTALL = YES;
				SWIFT_EMIT_LOC_STRINGS = YES;
				SWIFT_VERSION = 5.0;
				TARGETED_DEVICE_FAMILY = "1,2";
			};
			name = Release;
		};
		B8EBFA89270AD722008555A7 /* Debug */ = {
			isa = XCBuildConfiguration;
			buildSettings = {
				ALWAYS_SEARCH_USER_PATHS = NO;
				CLANG_ANALYZER_NONNULL = YES;
				CLANG_ANALYZER_NUMBER_OBJECT_CONVERSION = YES_AGGRESSIVE;
				CLANG_CXX_LANGUAGE_STANDARD = "gnu++17";
				CLANG_CXX_LIBRARY = "libc++";
				CLANG_ENABLE_MODULES = YES;
				CLANG_ENABLE_OBJC_ARC = YES;
				CLANG_ENABLE_OBJC_WEAK = YES;
				CLANG_WARN_BLOCK_CAPTURE_AUTORELEASING = YES;
				CLANG_WARN_BOOL_CONVERSION = YES;
				CLANG_WARN_COMMA = YES;
				CLANG_WARN_CONSTANT_CONVERSION = YES;
				CLANG_WARN_DEPRECATED_OBJC_IMPLEMENTATIONS = YES;
				CLANG_WARN_DIRECT_OBJC_ISA_USAGE = YES_ERROR;
				CLANG_WARN_DOCUMENTATION_COMMENTS = YES;
				CLANG_WARN_EMPTY_BODY = YES;
				CLANG_WARN_ENUM_CONVERSION = YES;
				CLANG_WARN_INFINITE_RECURSION = YES;
				CLANG_WARN_INT_CONVERSION = YES;
				CLANG_WARN_NON_LITERAL_NULL_CONVERSION = YES;
				CLANG_WARN_OBJC_IMPLICIT_RETAIN_SELF = YES;
				CLANG_WARN_OBJC_LITERAL_CONVERSION = YES;
				CLANG_WARN_OBJC_ROOT_CLASS = YES_ERROR;
				CLANG_WARN_QUOTED_INCLUDE_IN_FRAMEWORK_HEADER = YES;
				CLANG_WARN_RANGE_LOOP_ANALYSIS = YES;
				CLANG_WARN_STRICT_PROTOTYPES = YES;
				CLANG_WARN_SUSPICIOUS_MOVE = YES;
				CLANG_WARN_UNGUARDED_AVAILABILITY = YES_AGGRESSIVE;
				CLANG_WARN_UNREACHABLE_CODE = YES;
				CLANG_WARN__DUPLICATE_METHOD_MATCH = YES;
				COPY_PHASE_STRIP = NO;
				DEBUG_INFORMATION_FORMAT = dwarf;
				ENABLE_STRICT_OBJC_MSGSEND = YES;
				ENABLE_TESTABILITY = YES;
				GCC_C_LANGUAGE_STANDARD = gnu11;
				GCC_DYNAMIC_NO_PIC = NO;
				GCC_NO_COMMON_BLOCKS = YES;
				GCC_OPTIMIZATION_LEVEL = 0;
				GCC_PREPROCESSOR_DEFINITIONS = (
					"DEBUG=1",
					"$(inherited)",
				);
				GCC_WARN_64_TO_32_BIT_CONVERSION = YES;
				GCC_WARN_ABOUT_RETURN_TYPE = YES_ERROR;
				GCC_WARN_UNDECLARED_SELECTOR = YES;
				GCC_WARN_UNINITIALIZED_AUTOS = YES_AGGRESSIVE;
				GCC_WARN_UNUSED_FUNCTION = YES;
				GCC_WARN_UNUSED_VARIABLE = YES;
				IPHONEOS_DEPLOYMENT_TARGET = 14.0;
				MTL_ENABLE_DEBUG_INFO = INCLUDE_SOURCE;
				MTL_FAST_MATH = YES;
				ONLY_ACTIVE_ARCH = YES;
				SDKROOT = iphoneos;
				SWIFT_ACTIVE_COMPILATION_CONDITIONS = DEBUG;
				SWIFT_OPTIMIZATION_LEVEL = "-Onone";
			};
			name = Debug;
		};
		B8EBFA8A270AD722008555A7 /* Release */ = {
			isa = XCBuildConfiguration;
			buildSettings = {
				ALWAYS_SEARCH_USER_PATHS = NO;
				CLANG_ANALYZER_NONNULL = YES;
				CLANG_ANALYZER_NUMBER_OBJECT_CONVERSION = YES_AGGRESSIVE;
				CLANG_CXX_LANGUAGE_STANDARD = "gnu++17";
				CLANG_CXX_LIBRARY = "libc++";
				CLANG_ENABLE_MODULES = YES;
				CLANG_ENABLE_OBJC_ARC = YES;
				CLANG_ENABLE_OBJC_WEAK = YES;
				CLANG_WARN_BLOCK_CAPTURE_AUTORELEASING = YES;
				CLANG_WARN_BOOL_CONVERSION = YES;
				CLANG_WARN_COMMA = YES;
				CLANG_WARN_CONSTANT_CONVERSION = YES;
				CLANG_WARN_DEPRECATED_OBJC_IMPLEMENTATIONS = YES;
				CLANG_WARN_DIRECT_OBJC_ISA_USAGE = YES_ERROR;
				CLANG_WARN_DOCUMENTATION_COMMENTS = YES;
				CLANG_WARN_EMPTY_BODY = YES;
				CLANG_WARN_ENUM_CONVERSION = YES;
				CLANG_WARN_INFINITE_RECURSION = YES;
				CLANG_WARN_INT_CONVERSION = YES;
				CLANG_WARN_NON_LITERAL_NULL_CONVERSION = YES;
				CLANG_WARN_OBJC_IMPLICIT_RETAIN_SELF = YES;
				CLANG_WARN_OBJC_LITERAL_CONVERSION = YES;
				CLANG_WARN_OBJC_ROOT_CLASS = YES_ERROR;
				CLANG_WARN_QUOTED_INCLUDE_IN_FRAMEWORK_HEADER = YES;
				CLANG_WARN_RANGE_LOOP_ANALYSIS = YES;
				CLANG_WARN_STRICT_PROTOTYPES = YES;
				CLANG_WARN_SUSPICIOUS_MOVE = YES;
				CLANG_WARN_UNGUARDED_AVAILABILITY = YES_AGGRESSIVE;
				CLANG_WARN_UNREACHABLE_CODE = YES;
				CLANG_WARN__DUPLICATE_METHOD_MATCH = YES;
				COPY_PHASE_STRIP = NO;
				DEBUG_INFORMATION_FORMAT = "dwarf-with-dsym";
				ENABLE_NS_ASSERTIONS = NO;
				ENABLE_STRICT_OBJC_MSGSEND = YES;
				GCC_C_LANGUAGE_STANDARD = gnu11;
				GCC_NO_COMMON_BLOCKS = YES;
				GCC_WARN_64_TO_32_BIT_CONVERSION = YES;
				GCC_WARN_ABOUT_RETURN_TYPE = YES_ERROR;
				GCC_WARN_UNDECLARED_SELECTOR = YES;
				GCC_WARN_UNINITIALIZED_AUTOS = YES_AGGRESSIVE;
				GCC_WARN_UNUSED_FUNCTION = YES;
				GCC_WARN_UNUSED_VARIABLE = YES;
				IPHONEOS_DEPLOYMENT_TARGET = 14.0;
				MTL_ENABLE_DEBUG_INFO = NO;
				MTL_FAST_MATH = YES;
				SDKROOT = iphoneos;
				SWIFT_COMPILATION_MODE = wholemodule;
				SWIFT_OPTIMIZATION_LEVEL = "-O";
				VALIDATE_PRODUCT = YES;
			};
			name = Release;
		};
		B8EBFA8C270AD722008555A7 /* Debug */ = {
			isa = XCBuildConfiguration;
			buildSettings = {
				ALWAYS_EMBED_SWIFT_STANDARD_LIBRARIES = YES;
				ASSETCATALOG_COMPILER_APPICON_NAME = AppIcon;
				ASSETCATALOG_COMPILER_GLOBAL_ACCENT_COLOR_NAME = AccentColor;
				CODE_SIGN_ENTITLEMENTS = din/din.entitlements;
				CODE_SIGN_STYLE = Automatic;
				CURRENT_PROJECT_VERSION = 1;
				DEVELOPMENT_ASSET_PATHS = "\"din/Preview Content\"";
				DEVELOPMENT_TEAM = SWR83G7DDM;
				ENABLE_PREVIEWS = YES;
				GENERATE_INFOPLIST_FILE = YES;
				INFOPLIST_FILE = din/Info.plist;
				INFOPLIST_KEY_NSLocationWhenInUseUsageDescription = "pls allow (not hacker)";
				INFOPLIST_KEY_UIApplicationSceneManifest_Generation = YES;
				INFOPLIST_KEY_UIApplicationSupportsIndirectInputEvents = YES;
				INFOPLIST_KEY_UILaunchScreen_Generation = YES;
				INFOPLIST_KEY_UILaunchStoryboardName = "Launch Screen";
				INFOPLIST_KEY_UISupportedInterfaceOrientations = UIInterfaceOrientationPortrait;
				INFOPLIST_KEY_UISupportedInterfaceOrientations_iPad = "UIInterfaceOrientationPortrait UIInterfaceOrientationPortraitUpsideDown UIInterfaceOrientationLandscapeLeft UIInterfaceOrientationLandscapeRight";
				INFOPLIST_KEY_UISupportedInterfaceOrientations_iPhone = "UIInterfaceOrientationPortrait UIInterfaceOrientationLandscapeLeft UIInterfaceOrientationLandscapeRight";
				IPHONEOS_DEPLOYMENT_TARGET = 14.0;
				LD_RUNPATH_SEARCH_PATHS = (
					"$(inherited)",
					"@executable_path/Frameworks",
				);
				MARKETING_VERSION = 1.0;
				PRODUCT_BUNDLE_IDENTIFIER = com.addindev.din;
				PRODUCT_NAME = "$(TARGET_NAME)";
				SWIFT_EMIT_LOC_STRINGS = YES;
				SWIFT_VERSION = 5.0;
				TARGETED_DEVICE_FAMILY = 1;
			};
			name = Debug;
		};
		B8EBFA8D270AD722008555A7 /* Release */ = {
			isa = XCBuildConfiguration;
			buildSettings = {
				ALWAYS_EMBED_SWIFT_STANDARD_LIBRARIES = YES;
				ASSETCATALOG_COMPILER_APPICON_NAME = AppIcon;
				ASSETCATALOG_COMPILER_GLOBAL_ACCENT_COLOR_NAME = AccentColor;
				CODE_SIGN_ENTITLEMENTS = din/din.entitlements;
				CODE_SIGN_STYLE = Automatic;
				CURRENT_PROJECT_VERSION = 1;
				DEVELOPMENT_ASSET_PATHS = "\"din/Preview Content\"";
				DEVELOPMENT_TEAM = SWR83G7DDM;
				ENABLE_PREVIEWS = YES;
				GENERATE_INFOPLIST_FILE = YES;
				INFOPLIST_FILE = din/Info.plist;
				INFOPLIST_KEY_NSLocationWhenInUseUsageDescription = "pls allow (not hacker)";
				INFOPLIST_KEY_UIApplicationSceneManifest_Generation = YES;
				INFOPLIST_KEY_UIApplicationSupportsIndirectInputEvents = YES;
				INFOPLIST_KEY_UILaunchScreen_Generation = YES;
				INFOPLIST_KEY_UILaunchStoryboardName = "Launch Screen";
				INFOPLIST_KEY_UISupportedInterfaceOrientations = UIInterfaceOrientationPortrait;
				INFOPLIST_KEY_UISupportedInterfaceOrientations_iPad = "UIInterfaceOrientationPortrait UIInterfaceOrientationPortraitUpsideDown UIInterfaceOrientationLandscapeLeft UIInterfaceOrientationLandscapeRight";
				INFOPLIST_KEY_UISupportedInterfaceOrientations_iPhone = "UIInterfaceOrientationPortrait UIInterfaceOrientationLandscapeLeft UIInterfaceOrientationLandscapeRight";
				IPHONEOS_DEPLOYMENT_TARGET = 14.0;
				LD_RUNPATH_SEARCH_PATHS = (
					"$(inherited)",
					"@executable_path/Frameworks",
				);
				MARKETING_VERSION = 1.0;
				PRODUCT_BUNDLE_IDENTIFIER = com.addindev.din;
				PRODUCT_NAME = "$(TARGET_NAME)";
				SWIFT_EMIT_LOC_STRINGS = YES;
				SWIFT_VERSION = 5.0;
				TARGETED_DEVICE_FAMILY = 1;
			};
			name = Release;
		};
		B8EBFA8F270AD722008555A7 /* Debug */ = {
			isa = XCBuildConfiguration;
			buildSettings = {
				ALWAYS_EMBED_SWIFT_STANDARD_LIBRARIES = YES;
				BUNDLE_LOADER = "$(TEST_HOST)";
				CODE_SIGN_STYLE = Automatic;
				CURRENT_PROJECT_VERSION = 1;
				DEVELOPMENT_TEAM = SWR83G7DDM;
				GENERATE_INFOPLIST_FILE = YES;
				IPHONEOS_DEPLOYMENT_TARGET = 14.0;
				LD_RUNPATH_SEARCH_PATHS = (
					"$(inherited)",
					"@executable_path/Frameworks",
					"@loader_path/Frameworks",
				);
				MARKETING_VERSION = 1.0;
				PRODUCT_BUNDLE_IDENTIFIER = com.addindev.dinTests;
				PRODUCT_NAME = "$(TARGET_NAME)";
				SWIFT_EMIT_LOC_STRINGS = NO;
				SWIFT_VERSION = 5.0;
				TARGETED_DEVICE_FAMILY = "1,2";
				TEST_HOST = "$(BUILT_PRODUCTS_DIR)/din.app/din";
			};
			name = Debug;
		};
		B8EBFA90270AD722008555A7 /* Release */ = {
			isa = XCBuildConfiguration;
			buildSettings = {
				ALWAYS_EMBED_SWIFT_STANDARD_LIBRARIES = YES;
				BUNDLE_LOADER = "$(TEST_HOST)";
				CODE_SIGN_STYLE = Automatic;
				CURRENT_PROJECT_VERSION = 1;
				DEVELOPMENT_TEAM = SWR83G7DDM;
				GENERATE_INFOPLIST_FILE = YES;
				IPHONEOS_DEPLOYMENT_TARGET = 14.0;
				LD_RUNPATH_SEARCH_PATHS = (
					"$(inherited)",
					"@executable_path/Frameworks",
					"@loader_path/Frameworks",
				);
				MARKETING_VERSION = 1.0;
				PRODUCT_BUNDLE_IDENTIFIER = com.addindev.dinTests;
				PRODUCT_NAME = "$(TARGET_NAME)";
				SWIFT_EMIT_LOC_STRINGS = NO;
				SWIFT_VERSION = 5.0;
				TARGETED_DEVICE_FAMILY = "1,2";
				TEST_HOST = "$(BUILT_PRODUCTS_DIR)/din.app/din";
			};
			name = Release;
		};
		B8EBFA92270AD722008555A7 /* Debug */ = {
			isa = XCBuildConfiguration;
			buildSettings = {
				ALWAYS_EMBED_SWIFT_STANDARD_LIBRARIES = YES;
				CODE_SIGN_STYLE = Automatic;
				CURRENT_PROJECT_VERSION = 1;
				DEVELOPMENT_TEAM = SWR83G7DDM;
				GENERATE_INFOPLIST_FILE = YES;
				LD_RUNPATH_SEARCH_PATHS = (
					"$(inherited)",
					"@executable_path/Frameworks",
					"@loader_path/Frameworks",
				);
				MARKETING_VERSION = 1.0;
				PRODUCT_BUNDLE_IDENTIFIER = com.addindev.dinUITests;
				PRODUCT_NAME = "$(TARGET_NAME)";
				SWIFT_EMIT_LOC_STRINGS = NO;
				SWIFT_VERSION = 5.0;
				TARGETED_DEVICE_FAMILY = "1,2";
				TEST_TARGET_NAME = din;
			};
			name = Debug;
		};
		B8EBFA93270AD722008555A7 /* Release */ = {
			isa = XCBuildConfiguration;
			buildSettings = {
				ALWAYS_EMBED_SWIFT_STANDARD_LIBRARIES = YES;
				CODE_SIGN_STYLE = Automatic;
				CURRENT_PROJECT_VERSION = 1;
				DEVELOPMENT_TEAM = SWR83G7DDM;
				GENERATE_INFOPLIST_FILE = YES;
				LD_RUNPATH_SEARCH_PATHS = (
					"$(inherited)",
					"@executable_path/Frameworks",
					"@loader_path/Frameworks",
				);
				MARKETING_VERSION = 1.0;
				PRODUCT_BUNDLE_IDENTIFIER = com.addindev.dinUITests;
				PRODUCT_NAME = "$(TARGET_NAME)";
				SWIFT_EMIT_LOC_STRINGS = NO;
				SWIFT_VERSION = 5.0;
				TARGETED_DEVICE_FAMILY = "1,2";
				TEST_TARGET_NAME = din;
			};
			name = Release;
		};
/* End XCBuildConfiguration section */

/* Begin XCConfigurationList section */
		B81BDFF4271EB85A00E3A57B /* Build configuration list for PBXNativeTarget "dinWidgetExtension" */ = {
			isa = XCConfigurationList;
			buildConfigurations = (
				B81BDFF2271EB85A00E3A57B /* Debug */,
				B81BDFF3271EB85A00E3A57B /* Release */,
			);
			defaultConfigurationIsVisible = 0;
			defaultConfigurationName = Release;
		};
		B8EBFA62270AD71E008555A7 /* Build configuration list for PBXProject "din" */ = {
			isa = XCConfigurationList;
			buildConfigurations = (
				B8EBFA89270AD722008555A7 /* Debug */,
				B8EBFA8A270AD722008555A7 /* Release */,
			);
			defaultConfigurationIsVisible = 0;
			defaultConfigurationName = Release;
		};
		B8EBFA8B270AD722008555A7 /* Build configuration list for PBXNativeTarget "din" */ = {
			isa = XCConfigurationList;
			buildConfigurations = (
				B8EBFA8C270AD722008555A7 /* Debug */,
				B8EBFA8D270AD722008555A7 /* Release */,
			);
			defaultConfigurationIsVisible = 0;
			defaultConfigurationName = Release;
		};
		B8EBFA8E270AD722008555A7 /* Build configuration list for PBXNativeTarget "dinTests" */ = {
			isa = XCConfigurationList;
			buildConfigurations = (
				B8EBFA8F270AD722008555A7 /* Debug */,
				B8EBFA90270AD722008555A7 /* Release */,
			);
			defaultConfigurationIsVisible = 0;
			defaultConfigurationName = Release;
		};
		B8EBFA91270AD722008555A7 /* Build configuration list for PBXNativeTarget "dinUITests" */ = {
			isa = XCConfigurationList;
			buildConfigurations = (
				B8EBFA92270AD722008555A7 /* Debug */,
				B8EBFA93270AD722008555A7 /* Release */,
			);
			defaultConfigurationIsVisible = 0;
			defaultConfigurationName = Release;
		};
/* End XCConfigurationList section */

/* Begin XCRemoteSwiftPackageReference section */
		B88F22C4270D84BD008ED53A /* XCRemoteSwiftPackageReference "realm-cocoa" */ = {
			isa = XCRemoteSwiftPackageReference;
			repositoryURL = "https://github.com/realm/realm-cocoa";
			requirement = {
				branch = master;
				kind = branch;
			};
		};
		B89490812710239B00705139 /* XCRemoteSwiftPackageReference "SDWebImageSwiftUI" */ = {
			isa = XCRemoteSwiftPackageReference;
			repositoryURL = "https://github.com/SDWebImage/SDWebImageSwiftUI";
			requirement = {
				branch = master;
				kind = branch;
			};
		};
		B8EBFA94270AD77E008555A7 /* XCRemoteSwiftPackageReference "Alamofire" */ = {
			isa = XCRemoteSwiftPackageReference;
			repositoryURL = "https://github.com/Alamofire/Alamofire";
			requirement = {
				branch = master;
				kind = branch;
			};
		};
/* End XCRemoteSwiftPackageReference section */

/* Begin XCSwiftPackageProductDependency section */
		B88F22C5270D84BD008ED53A /* Realm */ = {
			isa = XCSwiftPackageProductDependency;
			package = B88F22C4270D84BD008ED53A /* XCRemoteSwiftPackageReference "realm-cocoa" */;
			productName = Realm;
		};
		B88F22C7270D84BD008ED53A /* RealmSwift */ = {
			isa = XCSwiftPackageProductDependency;
			package = B88F22C4270D84BD008ED53A /* XCRemoteSwiftPackageReference "realm-cocoa" */;
			productName = RealmSwift;
		};
		B89490822710239B00705139 /* SDWebImageSwiftUI */ = {
			isa = XCSwiftPackageProductDependency;
			package = B89490812710239B00705139 /* XCRemoteSwiftPackageReference "SDWebImageSwiftUI" */;
			productName = SDWebImageSwiftUI;
		};
		B8EBFA95270AD77E008555A7 /* Alamofire */ = {
			isa = XCSwiftPackageProductDependency;
			package = B8EBFA94270AD77E008555A7 /* XCRemoteSwiftPackageReference "Alamofire" */;
			productName = Alamofire;
		};
/* End XCSwiftPackageProductDependency section */
	};
	rootObject = B8EBFA5F270AD71E008555A7 /* Project object */;
}
